// !$*UTF8*$!
{
	archiveVersion = 1;
	classes = {
	};
	objectVersion = 77;
	objects = {

/* Begin PBXBuildFile section */
		B1700F222CF9AE3E000578E7 /* SocketIO in Frameworks */ = {isa = PBXBuildFile; productRef = B1700F212CF9AE3E000578E7 /* SocketIO */; };
/* End PBXBuildFile section */

/* Begin PBXContainerItemProxy section */
		434055EB2CE5ECEE000CD13C /* PBXContainerItemProxy */ = {
			isa = PBXContainerItemProxy;
			containerPortal = 434055C92CE5ECEB000CD13C /* Project object */;
			proxyType = 1;
			remoteGlobalIDString = 434055D02CE5ECEC000CD13C;
			remoteInfo = "Essential Finance";
		};
		434055F52CE5ECEE000CD13C /* PBXContainerItemProxy */ = {
			isa = PBXContainerItemProxy;
			containerPortal = 434055C92CE5ECEB000CD13C /* Project object */;
			proxyType = 1;
			remoteGlobalIDString = 434055D02CE5ECEC000CD13C;
			remoteInfo = "Essential Finance";
		};
/* End PBXContainerItemProxy section */

/* Begin PBXFileReference section */
		434055D12CE5ECEC000CD13C /* Essential Finance.app */ = {isa = PBXFileReference; explicitFileType = wrapper.application; includeInIndex = 0; path = "Essential Finance.app"; sourceTree = BUILT_PRODUCTS_DIR; };
		434055EA2CE5ECEE000CD13C /* Essential FinanceTests.xctest */ = {isa = PBXFileReference; explicitFileType = wrapper.cfbundle; includeInIndex = 0; path = "Essential FinanceTests.xctest"; sourceTree = BUILT_PRODUCTS_DIR; };
		434055F42CE5ECEE000CD13C /* Essential FinanceUITests.xctest */ = {isa = PBXFileReference; explicitFileType = wrapper.cfbundle; includeInIndex = 0; path = "Essential FinanceUITests.xctest"; sourceTree = BUILT_PRODUCTS_DIR; };
/* End PBXFileReference section */

/* Begin PBXFileSystemSynchronizedBuildFileExceptionSet section */
		434055FC2CE5ECEE000CD13C /* Exceptions for "Essential Finance" folder in "Essential Finance" target */ = {
			isa = PBXFileSystemSynchronizedBuildFileExceptionSet;
			membershipExceptions = (
				Info.plist,
			);
			target = 434055D02CE5ECEC000CD13C /* Essential Finance */;
		};
/* End PBXFileSystemSynchronizedBuildFileExceptionSet section */

/* Begin PBXFileSystemSynchronizedRootGroup section */
		434055D32CE5ECEC000CD13C /* Essential Finance */ = {
			isa = PBXFileSystemSynchronizedRootGroup;
			exceptions = (
				434055FC2CE5ECEE000CD13C /* Exceptions for "Essential Finance" folder in "Essential Finance" target */,
			);
			path = "Essential Finance";
			sourceTree = "<group>";
		};
		434055ED2CE5ECEE000CD13C /* Essential FinanceTests */ = {
			isa = PBXFileSystemSynchronizedRootGroup;
			path = "Essential FinanceTests";
			sourceTree = "<group>";
		};
		434055F72CE5ECEE000CD13C /* Essential FinanceUITests */ = {
			isa = PBXFileSystemSynchronizedRootGroup;
			path = "Essential FinanceUITests";
			sourceTree = "<group>";
		};
/* End PBXFileSystemSynchronizedRootGroup section */

/* Begin PBXFrameworksBuildPhase section */
		434055CE2CE5ECEC000CD13C /* Frameworks */ = {
			isa = PBXFrameworksBuildPhase;
			buildActionMask = 2147483647;
			files = (
				B1700F222CF9AE3E000578E7 /* SocketIO in Frameworks */,
			);
			runOnlyForDeploymentPostprocessing = 0;
		};
		434055E72CE5ECEE000CD13C /* Frameworks */ = {
			isa = PBXFrameworksBuildPhase;
			buildActionMask = 2147483647;
			files = (
			);
			runOnlyForDeploymentPostprocessing = 0;
		};
		434055F12CE5ECEE000CD13C /* Frameworks */ = {
			isa = PBXFrameworksBuildPhase;
			buildActionMask = 2147483647;
			files = (
			);
			runOnlyForDeploymentPostprocessing = 0;
		};
/* End PBXFrameworksBuildPhase section */

/* Begin PBXGroup section */
		434055C82CE5ECEB000CD13C = {
			isa = PBXGroup;
			children = (
				434055D32CE5ECEC000CD13C /* Essential Finance */,
				434055ED2CE5ECEE000CD13C /* Essential FinanceTests */,
				434055F72CE5ECEE000CD13C /* Essential FinanceUITests */,
				434055D22CE5ECEC000CD13C /* Products */,
			);
			sourceTree = "<group>";
		};
		434055D22CE5ECEC000CD13C /* Products */ = {
			isa = PBXGroup;
			children = (
				434055D12CE5ECEC000CD13C /* Essential Finance.app */,
				434055EA2CE5ECEE000CD13C /* Essential FinanceTests.xctest */,
				434055F42CE5ECEE000CD13C /* Essential FinanceUITests.xctest */,
			);
			name = Products;
			sourceTree = "<group>";
		};
/* End PBXGroup section */

/* Begin PBXNativeTarget section */
		434055D02CE5ECEC000CD13C /* Essential Finance */ = {
			isa = PBXNativeTarget;
			buildConfigurationList = 434055FD2CE5ECEE000CD13C /* Build configuration list for PBXNativeTarget "Essential Finance" */;
			buildPhases = (
				434055CD2CE5ECEC000CD13C /* Sources */,
				434055CE2CE5ECEC000CD13C /* Frameworks */,
				434055CF2CE5ECEC000CD13C /* Resources */,
			);
			buildRules = (
			);
			dependencies = (
			);
			fileSystemSynchronizedGroups = (
				434055D32CE5ECEC000CD13C /* Essential Finance */,
			);
			name = "Essential Finance";
			packageProductDependencies = (
				B1700F212CF9AE3E000578E7 /* SocketIO */,
			);
			productName = "Essential Finance";
			productReference = 434055D12CE5ECEC000CD13C /* Essential Finance.app */;
			productType = "com.apple.product-type.application";
		};
		434055E92CE5ECEE000CD13C /* Essential FinanceTests */ = {
			isa = PBXNativeTarget;
			buildConfigurationList = 434056022CE5ECEE000CD13C /* Build configuration list for PBXNativeTarget "Essential FinanceTests" */;
			buildPhases = (
				434055E62CE5ECEE000CD13C /* Sources */,
				434055E72CE5ECEE000CD13C /* Frameworks */,
				434055E82CE5ECEE000CD13C /* Resources */,
			);
			buildRules = (
			);
			dependencies = (
				434055EC2CE5ECEE000CD13C /* PBXTargetDependency */,
			);
			fileSystemSynchronizedGroups = (
				434055ED2CE5ECEE000CD13C /* Essential FinanceTests */,
			);
			name = "Essential FinanceTests";
			packageProductDependencies = (
			);
			productName = "Essential FinanceTests";
			productReference = 434055EA2CE5ECEE000CD13C /* Essential FinanceTests.xctest */;
			productType = "com.apple.product-type.bundle.unit-test";
		};
		434055F32CE5ECEE000CD13C /* Essential FinanceUITests */ = {
			isa = PBXNativeTarget;
			buildConfigurationList = 434056052CE5ECEE000CD13C /* Build configuration list for PBXNativeTarget "Essential FinanceUITests" */;
			buildPhases = (
				434055F02CE5ECEE000CD13C /* Sources */,
				434055F12CE5ECEE000CD13C /* Frameworks */,
				434055F22CE5ECEE000CD13C /* Resources */,
			);
			buildRules = (
			);
			dependencies = (
				434055F62CE5ECEE000CD13C /* PBXTargetDependency */,
			);
			fileSystemSynchronizedGroups = (
				434055F72CE5ECEE000CD13C /* Essential FinanceUITests */,
			);
			name = "Essential FinanceUITests";
			packageProductDependencies = (
			);
			productName = "Essential FinanceUITests";
			productReference = 434055F42CE5ECEE000CD13C /* Essential FinanceUITests.xctest */;
			productType = "com.apple.product-type.bundle.ui-testing";
		};
/* End PBXNativeTarget section */

/* Begin PBXProject section */
		434055C92CE5ECEB000CD13C /* Project object */ = {
			isa = PBXProject;
			attributes = {
				BuildIndependentTargetsInParallel = 1;
				LastSwiftUpdateCheck = 1600;
				LastUpgradeCheck = 1600;
				TargetAttributes = {
					434055D02CE5ECEC000CD13C = {
						CreatedOnToolsVersion = 16.0;
					};
					434055E92CE5ECEE000CD13C = {
						CreatedOnToolsVersion = 16.0;
						TestTargetID = 434055D02CE5ECEC000CD13C;
					};
					434055F32CE5ECEE000CD13C = {
						CreatedOnToolsVersion = 16.0;
						TestTargetID = 434055D02CE5ECEC000CD13C;
					};
				};
			};
			buildConfigurationList = 434055CC2CE5ECEB000CD13C /* Build configuration list for PBXProject "Essential Finance" */;
			developmentRegion = en;
			hasScannedForEncodings = 0;
			knownRegions = (
				en,
				Base,
			);
			mainGroup = 434055C82CE5ECEB000CD13C;
			minimizedProjectReferenceProxies = 1;
			packageReferences = (
				B1700F202CF9AE3E000578E7 /* XCRemoteSwiftPackageReference "socket" */,
			);
			preferredProjectObjectVersion = 77;
			productRefGroup = 434055D22CE5ECEC000CD13C /* Products */;
			projectDirPath = "";
			projectRoot = "";
			targets = (
				434055D02CE5ECEC000CD13C /* Essential Finance */,
				434055E92CE5ECEE000CD13C /* Essential FinanceTests */,
				434055F32CE5ECEE000CD13C /* Essential FinanceUITests */,
			);
		};
/* End PBXProject section */

/* Begin PBXResourcesBuildPhase section */
		434055CF2CE5ECEC000CD13C /* Resources */ = {
			isa = PBXResourcesBuildPhase;
			buildActionMask = 2147483647;
			files = (
			);
			runOnlyForDeploymentPostprocessing = 0;
		};
		434055E82CE5ECEE000CD13C /* Resources */ = {
			isa = PBXResourcesBuildPhase;
			buildActionMask = 2147483647;
			files = (
			);
			runOnlyForDeploymentPostprocessing = 0;
		};
		434055F22CE5ECEE000CD13C /* Resources */ = {
			isa = PBXResourcesBuildPhase;
			buildActionMask = 2147483647;
			files = (
			);
			runOnlyForDeploymentPostprocessing = 0;
		};
/* End PBXResourcesBuildPhase section */

/* Begin PBXSourcesBuildPhase section */
		434055CD2CE5ECEC000CD13C /* Sources */ = {
			isa = PBXSourcesBuildPhase;
			buildActionMask = 2147483647;
			files = (
			);
			runOnlyForDeploymentPostprocessing = 0;
		};
		434055E62CE5ECEE000CD13C /* Sources */ = {
			isa = PBXSourcesBuildPhase;
			buildActionMask = 2147483647;
			files = (
			);
			runOnlyForDeploymentPostprocessing = 0;
		};
		434055F02CE5ECEE000CD13C /* Sources */ = {
			isa = PBXSourcesBuildPhase;
			buildActionMask = 2147483647;
			files = (
			);
			runOnlyForDeploymentPostprocessing = 0;
		};
/* End PBXSourcesBuildPhase section */

/* Begin PBXTargetDependency section */
		434055EC2CE5ECEE000CD13C /* PBXTargetDependency */ = {
			isa = PBXTargetDependency;
			target = 434055D02CE5ECEC000CD13C /* Essential Finance */;
			targetProxy = 434055EB2CE5ECEE000CD13C /* PBXContainerItemProxy */;
		};
		434055F62CE5ECEE000CD13C /* PBXTargetDependency */ = {
			isa = PBXTargetDependency;
			target = 434055D02CE5ECEC000CD13C /* Essential Finance */;
			targetProxy = 434055F52CE5ECEE000CD13C /* PBXContainerItemProxy */;
		};
/* End PBXTargetDependency section */

/* Begin XCBuildConfiguration section */
		434055FE2CE5ECEE000CD13C /* Debug */ = {
			isa = XCBuildConfiguration;
			buildSettings = {
				ASSETCATALOG_COMPILER_APPICON_NAME = AppIcon;
				ASSETCATALOG_COMPILER_GLOBAL_ACCENT_COLOR_NAME = AccentColor;
				CODE_SIGN_STYLE = Automatic;
				CURRENT_PROJECT_VERSION = 1;
				DEVELOPMENT_TEAM = QFZ8B3C256;
				GENERATE_INFOPLIST_FILE = YES;
				INFOPLIST_FILE = "Essential Finance/Info.plist";
				INFOPLIST_KEY_UIApplicationSupportsIndirectInputEvents = YES;
				INFOPLIST_KEY_UILaunchStoryboardName = LaunchScreen;
				INFOPLIST_KEY_UISupportedInterfaceOrientations_iPad = "UIInterfaceOrientationPortrait UIInterfaceOrientationPortraitUpsideDown UIInterfaceOrientationLandscapeLeft UIInterfaceOrientationLandscapeRight";
				INFOPLIST_KEY_UISupportedInterfaceOrientations_iPhone = "UIInterfaceOrientationPortrait UIInterfaceOrientationLandscapeLeft UIInterfaceOrientationLandscapeRight";
				LD_RUNPATH_SEARCH_PATHS = (
					"$(inherited)",
					"@executable_path/Frameworks",
				);
				MARKETING_VERSION = 1.0;
				PRODUCT_BUNDLE_IDENTIFIER = "swiftprojects.Essential-Finance";
				PRODUCT_NAME = "$(TARGET_NAME)";
				SWIFT_EMIT_LOC_STRINGS = YES;
				SWIFT_VERSION = 5.0;
				TARGETED_DEVICE_FAMILY = "1,2";
			};
			name = Debug;
		};
		434055FF2CE5ECEE000CD13C /* Release */ = {
			isa = XCBuildConfiguration;
			buildSettings = {
				ASSETCATALOG_COMPILER_APPICON_NAME = AppIcon;
				ASSETCATALOG_COMPILER_GLOBAL_ACCENT_COLOR_NAME = AccentColor;
				CODE_SIGN_STYLE = Automatic;
				CURRENT_PROJECT_VERSION = 1;
				DEVELOPMENT_TEAM = QFZ8B3C256;
				GENERATE_INFOPLIST_FILE = YES;
				INFOPLIST_FILE = "Essential Finance/Info.plist";
				INFOPLIST_KEY_UIApplicationSupportsIndirectInputEvents = YES;
				INFOPLIST_KEY_UILaunchStoryboardName = LaunchScreen;
				INFOPLIST_KEY_UISupportedInterfaceOrientations_iPad = "UIInterfaceOrientationPortrait UIInterfaceOrientationPortraitUpsideDown UIInterfaceOrientationLandscapeLeft UIInterfaceOrientationLandscapeRight";
				INFOPLIST_KEY_UISupportedInterfaceOrientations_iPhone = "UIInterfaceOrientationPortrait UIInterfaceOrientationLandscapeLeft UIInterfaceOrientationLandscapeRight";
				LD_RUNPATH_SEARCH_PATHS = (
					"$(inherited)",
					"@executable_path/Frameworks",
				);
				MARKETING_VERSION = 1.0;
				PRODUCT_BUNDLE_IDENTIFIER = "swiftprojects.Essential-Finance";
				PRODUCT_NAME = "$(TARGET_NAME)";
				SWIFT_EMIT_LOC_STRINGS = YES;
				SWIFT_VERSION = 5.0;
				TARGETED_DEVICE_FAMILY = "1,2";
			};
			name = Release;
		};
		434056002CE5ECEE000CD13C /* Debug */ = {
			isa = XCBuildConfiguration;
			buildSettings = {
				ALWAYS_SEARCH_USER_PATHS = NO;
				ASSETCATALOG_COMPILER_GENERATE_SWIFT_ASSET_SYMBOL_EXTENSIONS = YES;
				CLANG_ANALYZER_NONNULL = YES;
				CLANG_ANALYZER_NUMBER_OBJECT_CONVERSION = YES_AGGRESSIVE;
				CLANG_CXX_LANGUAGE_STANDARD = "gnu++20";
				CLANG_ENABLE_MODULES = YES;
				CLANG_ENABLE_OBJC_ARC = YES;
				CLANG_ENABLE_OBJC_WEAK = YES;
				CLANG_WARN_BLOCK_CAPTURE_AUTORELEASING = YES;
				CLANG_WARN_BOOL_CONVERSION = YES;
				CLANG_WARN_COMMA = YES;
				CLANG_WARN_CONSTANT_CONVERSION = YES;
				CLANG_WARN_DEPRECATED_OBJC_IMPLEMENTATIONS = YES;
				CLANG_WARN_DIRECT_OBJC_ISA_USAGE = YES_ERROR;
				CLANG_WARN_DOCUMENTATION_COMMENTS = YES;
				CLANG_WARN_EMPTY_BODY = YES;
				CLANG_WARN_ENUM_CONVERSION = YES;
				CLANG_WARN_INFINITE_RECURSION = YES;
				CLANG_WARN_INT_CONVERSION = YES;
				CLANG_WARN_NON_LITERAL_NULL_CONVERSION = YES;
				CLANG_WARN_OBJC_IMPLICIT_RETAIN_SELF = YES;
				CLANG_WARN_OBJC_LITERAL_CONVERSION = YES;
				CLANG_WARN_OBJC_ROOT_CLASS = YES_ERROR;
				CLANG_WARN_QUOTED_INCLUDE_IN_FRAMEWORK_HEADER = YES;
				CLANG_WARN_RANGE_LOOP_ANALYSIS = YES;
				CLANG_WARN_STRICT_PROTOTYPES = YES;
				CLANG_WARN_SUSPICIOUS_MOVE = YES;
				CLANG_WARN_UNGUARDED_AVAILABILITY = YES_AGGRESSIVE;
				CLANG_WARN_UNREACHABLE_CODE = YES;
				CLANG_WARN__DUPLICATE_METHOD_MATCH = YES;
				COPY_PHASE_STRIP = NO;
				DEBUG_INFORMATION_FORMAT = dwarf;
				ENABLE_STRICT_OBJC_MSGSEND = YES;
				ENABLE_TESTABILITY = YES;
				ENABLE_USER_SCRIPT_SANDBOXING = YES;
				GCC_C_LANGUAGE_STANDARD = gnu17;
				GCC_DYNAMIC_NO_PIC = NO;
				GCC_NO_COMMON_BLOCKS = YES;
				GCC_OPTIMIZATION_LEVEL = 0;
				GCC_PREPROCESSOR_DEFINITIONS = (
					"DEBUG=1",
					"$(inherited)",
				);
				GCC_WARN_64_TO_32_BIT_CONVERSION = YES;
				GCC_WARN_ABOUT_RETURN_TYPE = YES_ERROR;
				GCC_WARN_UNDECLARED_SELECTOR = YES;
				GCC_WARN_UNINITIALIZED_AUTOS = YES_AGGRESSIVE;
				GCC_WARN_UNUSED_FUNCTION = YES;
				GCC_WARN_UNUSED_VARIABLE = YES;
				IPHONEOS_DEPLOYMENT_TARGET = 18.0;
				LOCALIZATION_PREFERS_STRING_CATALOGS = YES;
				MTL_ENABLE_DEBUG_INFO = INCLUDE_SOURCE;
				MTL_FAST_MATH = YES;
				ONLY_ACTIVE_ARCH = YES;
				SDKROOT = iphoneos;
				SWIFT_ACTIVE_COMPILATION_CONDITIONS = "DEBUG $(inherited)";
				SWIFT_OPTIMIZATION_LEVEL = "-Onone";
			};
			name = Debug;
		};
		434056012CE5ECEE000CD13C /* Release */ = {
			isa = XCBuildConfiguration;
			buildSettings = {
				ALWAYS_SEARCH_USER_PATHS = NO;
				ASSETCATALOG_COMPILER_GENERATE_SWIFT_ASSET_SYMBOL_EXTENSIONS = YES;
				CLANG_ANALYZER_NONNULL = YES;
				CLANG_ANALYZER_NUMBER_OBJECT_CONVERSION = YES_AGGRESSIVE;
				CLANG_CXX_LANGUAGE_STANDARD = "gnu++20";
				CLANG_ENABLE_MODULES = YES;
				CLANG_ENABLE_OBJC_ARC = YES;
				CLANG_ENABLE_OBJC_WEAK = YES;
				CLANG_WARN_BLOCK_CAPTURE_AUTORELEASING = YES;
				CLANG_WARN_BOOL_CONVERSION = YES;
				CLANG_WARN_COMMA = YES;
				CLANG_WARN_CONSTANT_CONVERSION = YES;
				CLANG_WARN_DEPRECATED_OBJC_IMPLEMENTATIONS = YES;
				CLANG_WARN_DIRECT_OBJC_ISA_USAGE = YES_ERROR;
				CLANG_WARN_DOCUMENTATION_COMMENTS = YES;
				CLANG_WARN_EMPTY_BODY = YES;
				CLANG_WARN_ENUM_CONVERSION = YES;
				CLANG_WARN_INFINITE_RECURSION = YES;
				CLANG_WARN_INT_CONVERSION = YES;
				CLANG_WARN_NON_LITERAL_NULL_CONVERSION = YES;
				CLANG_WARN_OBJC_IMPLICIT_RETAIN_SELF = YES;
				CLANG_WARN_OBJC_LITERAL_CONVERSION = YES;
				CLANG_WARN_OBJC_ROOT_CLASS = YES_ERROR;
				CLANG_WARN_QUOTED_INCLUDE_IN_FRAMEWORK_HEADER = YES;
				CLANG_WARN_RANGE_LOOP_ANALYSIS = YES;
				CLANG_WARN_STRICT_PROTOTYPES = YES;
				CLANG_WARN_SUSPICIOUS_MOVE = YES;
				CLANG_WARN_UNGUARDED_AVAILABILITY = YES_AGGRESSIVE;
				CLANG_WARN_UNREACHABLE_CODE = YES;
				CLANG_WARN__DUPLICATE_METHOD_MATCH = YES;
				COPY_PHASE_STRIP = NO;
				DEBUG_INFORMATION_FORMAT = "dwarf-with-dsym";
				ENABLE_NS_ASSERTIONS = NO;
				ENABLE_STRICT_OBJC_MSGSEND = YES;
				ENABLE_USER_SCRIPT_SANDBOXING = YES;
				GCC_C_LANGUAGE_STANDARD = gnu17;
				GCC_NO_COMMON_BLOCKS = YES;
				GCC_WARN_64_TO_32_BIT_CONVERSION = YES;
				GCC_WARN_ABOUT_RETURN_TYPE = YES_ERROR;
				GCC_WARN_UNDECLARED_SELECTOR = YES;
				GCC_WARN_UNINITIALIZED_AUTOS = YES_AGGRESSIVE;
				GCC_WARN_UNUSED_FUNCTION = YES;
				GCC_WARN_UNUSED_VARIABLE = YES;
				IPHONEOS_DEPLOYMENT_TARGET = 18.0;
				LOCALIZATION_PREFERS_STRING_CATALOGS = YES;
				MTL_ENABLE_DEBUG_INFO = NO;
				MTL_FAST_MATH = YES;
				SDKROOT = iphoneos;
				SWIFT_COMPILATION_MODE = wholemodule;
				VALIDATE_PRODUCT = YES;
			};
			name = Release;
		};
		434056032CE5ECEE000CD13C /* Debug */ = {
			isa = XCBuildConfiguration;
			buildSettings = {
				BUNDLE_LOADER = "$(TEST_HOST)";
				CODE_SIGN_STYLE = Automatic;
				CURRENT_PROJECT_VERSION = 1;
				DEVELOPMENT_TEAM = QFZ8B3C256;
				GENERATE_INFOPLIST_FILE = YES;
				IPHONEOS_DEPLOYMENT_TARGET = 18.0;
				MARKETING_VERSION = 1.0;
				PRODUCT_BUNDLE_IDENTIFIER = "swiftprojects.Essential-FinanceTests";
				PRODUCT_NAME = "$(TARGET_NAME)";
				SWIFT_EMIT_LOC_STRINGS = NO;
				SWIFT_VERSION = 5.0;
				TARGETED_DEVICE_FAMILY = "1,2";
				TEST_HOST = "$(BUILT_PRODUCTS_DIR)/Essential Finance.app/$(BUNDLE_EXECUTABLE_FOLDER_PATH)/Essential Finance";
			};
			name = Debug;
		};
		434056042CE5ECEE000CD13C /* Release */ = {
			isa = XCBuildConfiguration;
			buildSettings = {
				BUNDLE_LOADER = "$(TEST_HOST)";
				CODE_SIGN_STYLE = Automatic;
				CURRENT_PROJECT_VERSION = 1;
				DEVELOPMENT_TEAM = QFZ8B3C256;
				GENERATE_INFOPLIST_FILE = YES;
				IPHONEOS_DEPLOYMENT_TARGET = 18.0;
				MARKETING_VERSION = 1.0;
				PRODUCT_BUNDLE_IDENTIFIER = "swiftprojects.Essential-FinanceTests";
				PRODUCT_NAME = "$(TARGET_NAME)";
				SWIFT_EMIT_LOC_STRINGS = NO;
				SWIFT_VERSION = 5.0;
				TARGETED_DEVICE_FAMILY = "1,2";
				TEST_HOST = "$(BUILT_PRODUCTS_DIR)/Essential Finance.app/$(BUNDLE_EXECUTABLE_FOLDER_PATH)/Essential Finance";
			};
			name = Release;
		};
		434056062CE5ECEE000CD13C /* Debug */ = {
			isa = XCBuildConfiguration;
			buildSettings = {
				CODE_SIGN_STYLE = Automatic;
				CURRENT_PROJECT_VERSION = 1;
				DEVELOPMENT_TEAM = QFZ8B3C256;
				GENERATE_INFOPLIST_FILE = YES;
				MARKETING_VERSION = 1.0;
				PRODUCT_BUNDLE_IDENTIFIER = "swiftprojects.Essential-FinanceUITests";
				PRODUCT_NAME = "$(TARGET_NAME)";
				SWIFT_EMIT_LOC_STRINGS = NO;
				SWIFT_VERSION = 5.0;
				TARGETED_DEVICE_FAMILY = "1,2";
				TEST_TARGET_NAME = "Essential Finance";
			};
			name = Debug;
		};
		434056072CE5ECEE000CD13C /* Release */ = {
			isa = XCBuildConfiguration;
			buildSettings = {
				CODE_SIGN_STYLE = Automatic;
				CURRENT_PROJECT_VERSION = 1;
				DEVELOPMENT_TEAM = QFZ8B3C256;
				GENERATE_INFOPLIST_FILE = YES;
				MARKETING_VERSION = 1.0;
				PRODUCT_BUNDLE_IDENTIFIER = "swiftprojects.Essential-FinanceUITests";
				PRODUCT_NAME = "$(TARGET_NAME)";
				SWIFT_EMIT_LOC_STRINGS = NO;
				SWIFT_VERSION = 5.0;
				TARGETED_DEVICE_FAMILY = "1,2";
				TEST_TARGET_NAME = "Essential Finance";
			};
			name = Release;
		};
/* End XCBuildConfiguration section */

/* Begin XCConfigurationList section */
		434055CC2CE5ECEB000CD13C /* Build configuration list for PBXProject "Essential Finance" */ = {
			isa = XCConfigurationList;
			buildConfigurations = (
				434056002CE5ECEE000CD13C /* Debug */,
				434056012CE5ECEE000CD13C /* Release */,
			);
			defaultConfigurationIsVisible = 0;
			defaultConfigurationName = Release;
		};
		434055FD2CE5ECEE000CD13C /* Build configuration list for PBXNativeTarget "Essential Finance" */ = {
			isa = XCConfigurationList;
			buildConfigurations = (
				434055FE2CE5ECEE000CD13C /* Debug */,
				434055FF2CE5ECEE000CD13C /* Release */,
			);
			defaultConfigurationIsVisible = 0;
			defaultConfigurationName = Release;
		};
		434056022CE5ECEE000CD13C /* Build configuration list for PBXNativeTarget "Essential FinanceTests" */ = {
			isa = XCConfigurationList;
			buildConfigurations = (
				434056032CE5ECEE000CD13C /* Debug */,
				434056042CE5ECEE000CD13C /* Release */,
			);
			defaultConfigurationIsVisible = 0;
			defaultConfigurationName = Release;
		};
		434056052CE5ECEE000CD13C /* Build configuration list for PBXNativeTarget "Essential FinanceUITests" */ = {
			isa = XCConfigurationList;
			buildConfigurations = (
				434056062CE5ECEE000CD13C /* Debug */,
				434056072CE5ECEE000CD13C /* Release */,
			);
			defaultConfigurationIsVisible = 0;
			defaultConfigurationName = Release;
		};
/* End XCConfigurationList section */

/* Begin XCRemoteSwiftPackageReference section */
		B1700F202CF9AE3E000578E7 /* XCRemoteSwiftPackageReference "socket" */ = {
			isa = XCRemoteSwiftPackageReference;
			repositoryURL = "https://github.com/socketio/socket.io-client-swift";
			requirement = {
				branch = master;
				kind = branch;
			};
		};
/* End XCRemoteSwiftPackageReference section */

/* Begin XCSwiftPackageProductDependency section */
		B1700F212CF9AE3E000578E7 /* SocketIO */ = {
			isa = XCSwiftPackageProductDependency;
			package = B1700F202CF9AE3E000578E7 /* XCRemoteSwiftPackageReference "socket" */;
			productName = SocketIO;
		};
/* End XCSwiftPackageProductDependency section */
	};
	rootObject = 434055C92CE5ECEB000CD13C /* Project object */;
}
